Microsoft Visual Studio Solution File, Format Version 12.00
# Visual Studio Version 17
VisualStudioVersion = 17.5.2.0
MinimumVisualStudioVersion = 10.0.40219.1
Project("{FAE04EC0-301F-11D3-BF4B-00C04F79EFBC}") = "PythonFastApiPoc", "csharp\PythonFastApiPoc.csproj", "{E2B6F886-9410-64F7-9237-8F1045563CE9}"
EndProject
Global
	GlobalSection(SolutionConfigurationPlatforms) = preSolution
		Debug|Any CPU = Debug|Any CPU
		Release|Any CPU = Release|Any CPU
	EndGlobalSection
	GlobalSection(ProjectConfigurationPlatforms) = postSolution
		{E2B6F886-9410-64F7-9237-8F1045563CE9}.Debug|Any CPU.ActiveCfg = Debug|Any CPU
		{E2B6F886-9410-64F7-9237-8F1045563CE9}.Debug|Any CPU.Build.0 = Debug|Any CPU
		{E2B6F886-9410-64F7-9237-8F1045563CE9}.Release|Any CPU.ActiveCfg = Release|Any CPU
		{E2B6F886-9410-64F7-9237-8F1045563CE9}.Release|Any CPU.Build.0 = Release|Any CPU
	EndGlobalSection
	GlobalSection(SolutionProperties) = preSolution
		HideSolutionNode = FALSE
	EndGlobalSection
	GlobalSection(ExtensibilityGlobals) = postSolution
		SolutionGuid = {01AFA6E7-9056-4BF9-8D0A-65FC84F98AE9}
	EndGlobalSection
EndGlobal
